
Microsoft Visual Studio Solution File, Format Version 12.00
# Visual Studio Version 17
VisualStudioVersion = 17.9.34714.143
MinimumVisualStudioVersion = 10.0.40219.1
Project("{FAE04EC0-301F-11D3-BF4B-00C04F79EFBC}") = "AppEncuesta", "AppEncuesta\AppEncuesta.csproj", "{2D186527-2D12-4233-B18F-AD1DA19CFC71}"
EndProject
Global
	GlobalSection(SolutionConfigurationPlatforms) = preSolution
		Debug|Any CPU = Debug|Any CPU
		Release|Any CPU = Release|Any CPU
	EndGlobalSection
	GlobalSection(ProjectConfigurationPlatforms) = postSolution
		{2D186527-2D12-4233-B18F-AD1DA19CFC71}.Debug|Any CPU.ActiveCfg = Debug|Any CPU
		{2D186527-2D12-4233-B18F-AD1DA19CFC71}.Debug|Any CPU.Build.0 = Debug|Any CPU
		{2D186527-2D12-4233-B18F-AD1DA19CFC71}.Release|Any CPU.ActiveCfg = Release|Any CPU
		{2D186527-2D12-4233-B18F-AD1DA19CFC71}.Release|Any CPU.Build.0 = Release|Any CPU
	EndGlobalSection
	GlobalSection(SolutionProperties) = preSolution
		HideSolutionNode = FALSE
	EndGlobalSection
	GlobalSection(ExtensibilityGlobals) = postSolution
		SolutionGuid = {9E6726CC-7C2C-41AC-B2A1-ED8FA2C6E9C1}
	EndGlobalSection
EndGlobal
